{
  "name": "variational-editor-atom",
  "version": "0.7.5",
  "lockfileVersion": 1,
  "requires": true,
  "dependencies": {
    "@types/atom": {
      "version": "1.36.1",
      "resolved": "https://registry.npmjs.org/@types/atom/-/atom-1.36.1.tgz",
      "integrity": "sha512-MQ/zyNSTd+1Q1InztnMDWRKfk0bGs1Lah5ggT7JKOqGwEwCNxTXFDuF7WcmEo2sO4d2OzaypmG1AX13N8oyMJQ==",
      "requires": {
        "@types/node": "*"
      }
    },
    "@types/event-kit": {
      "version": "2.4.0",
      "resolved": "https://registry.npmjs.org/@types/event-kit/-/event-kit-2.4.0.tgz",
      "integrity": "sha512-z8rC3bYgdkV+OEKr2aMcooY91e1uIwiWrjee05NR4tqG+jgPL/p8ZYkrtf+U91sTq2Z6pp2Ul9vGY3wYI1Lmuw=="
    },
    "@types/jquery": {
      "version": "3.3.4",
      "resolved": "https://registry.npmjs.org/@types/jquery/-/jquery-3.3.4.tgz",
      "integrity": "sha512-KqgLNDh8oTl43/2B78S7tjwPnOxPtP9wQsLptbuQCmMwqH5QuPZOk36RsNgbs3mnq/3SCyG1l/GJmhKk5Dg68g=="
    },
    "@types/node": {
      "version": "10.5.2",
      "resolved": "https://registry.npmjs.org/@types/node/-/node-10.5.2.tgz",
      "integrity": "sha512-m9zXmifkZsMHZBOyxZWilMwmTlpC8x5Ty360JKTiXvlXZfBWYpsg9ZZvP/Ye+iZUh+Q+MxDLjItVTWIsfwz+8Q=="
    },
    "@types/pathwatcher": {
      "version": "8.0.4",
      "resolved": "https://registry.npmjs.org/@types/pathwatcher/-/pathwatcher-8.0.4.tgz",
      "integrity": "sha512-vAgZEEhyeUwBikFNdx2OOfVPfD5V7QF0ugRKALqJ5uI0EmFMX31YxEWaAKoeVT8CdgXUeozT4X7NwDiGntHVHg==",
      "requires": {
        "@types/event-kit": "*",
        "@types/node": "*"
      }
    },
    "@types/q": {
      "version": "1.5.0",
      "resolved": "https://registry.npmjs.org/@types/q/-/q-1.5.0.tgz",
      "integrity": "sha512-sWj7AMiG0fYmta6ug1ublLjtj/tqn+CnCZeo7yswR1ykxel0FOWFGdWviTcGSNAMmtLbycDqbg6w98VPFKJmbw=="
    },
    "@types/spectrum": {
      "version": "1.5.29",
      "resolved": "https://registry.npmjs.org/@types/spectrum/-/spectrum-1.5.29.tgz",
      "integrity": "sha512-YSOjTAHE5XeCW8dW4n3bBFKFuCJx/kZ9T7osWMemGqR8szkQoIZJsaRsSiFZHIf/YTEOK0Y2MSpQDxtuLr/NVA==",
      "requires": {
        "@types/jquery": "*",
        "@types/tinycolor2": "*"
      }
    },
    "@types/text-buffer": {
      "version": "13.0.4",
      "resolved": "https://registry.npmjs.org/@types/text-buffer/-/text-buffer-13.0.4.tgz",
      "integrity": "sha512-ZdXC3l9CRVxQbU8tM/I7M5UPlUBiqsUCkfOMh+tzkdOXesxw0Gqv/2ummGzCe7f86dYBZYjOzoi7cOPegJq7zQ==",
      "requires": {
        "@types/event-kit": "*",
        "@types/pathwatcher": "*"
      }
    },
    "@types/tinycolor2": {
      "version": "1.4.0",
      "resolved": "https://registry.npmjs.org/@types/tinycolor2/-/tinycolor2-1.4.0.tgz",
      "integrity": "sha512-cJujCBcb87n9apWNSrUGITAh8cIhpSE62fF4YUtv4tDVrXBNYFGv6bTnkHPSEhjh7TYi01ROY4486iZAcUF4Mg=="
    },
    "jquery": {
      "version": "3.3.1",
      "resolved": "https://registry.npmjs.org/jquery/-/jquery-3.3.1.tgz",
      "integrity": "sha512-Ubldcmxp5np52/ENotGxlLe6aGMvmF4R8S6tZjsP6Knsaxd/xp3Zrh50cG93lR6nPXyUFwzN3ZSOQI0wRJNdGg=="
    },
    "os-tmpdir": {
      "version": "1.0.2",
      "resolved": "https://registry.npmjs.org/os-tmpdir/-/os-tmpdir-1.0.2.tgz",
      "integrity": "sha1-u+Z0BseaqFxc/sdm/lc0VV36EnQ=",
      "dev": true
    },
    "rimraf": {
      "version": "2.2.8",
      "resolved": "https://registry.npmjs.org/rimraf/-/rimraf-2.2.8.tgz",
      "integrity": "sha1-5Dm+Kq7jJzIZUnMPmaiSnk/FBYI=",
      "dev": true
    },
    "spectrum-colorpicker": {
      "version": "1.8.0",
      "resolved": "https://registry.npmjs.org/spectrum-colorpicker/-/spectrum-colorpicker-1.8.0.tgz",
      "integrity": "sha1-uSbPUALAp3hgtfg1HhwJPGUgAQc="
    },
    "temp": {
      "version": "0.8.3",
      "resolved": "https://registry.npmjs.org/temp/-/temp-0.8.3.tgz",
      "integrity": "sha1-4Ma8TSa5AxJEEOT+2BEDAU38H1k=",
      "dev": true,
      "requires": {
        "os-tmpdir": "^1.0.0",
        "rimraf": "~2.2.6"
      }
    },
    "typescript": {
      "version": "2.9.2",
      "resolved": "https://registry.npmjs.org/typescript/-/typescript-2.9.2.tgz",
      "integrity": "sha512-Gr4p6nFNaoufRIY4NMdpQRNmgxVIGMs4Fcu/ujdYk3nAZqk7supzBE9idmvfZIlH/Cuj//dvi+019qEue9lV0w=="
    }
  }
}
